github.com/PaesslerAG/gval v1.0.0 h1:GEKnRwkWDdf9dOmKcNrar9EA1bz1z9DqPIO1+iLzhd8=
github.com/PaesslerAG/gval v1.0.0/go.mod h1:y/nm5yEyTeX6av0OfKJNp9rBNj2XrGhAf5+v24IBN1I=
github.com/PaesslerAG/jsonpath v0.1.0/go.mod h1:4BzmtoM/PI8fPO4aQGIusjGxGir2BzcV0grWtFzq1Y8=
github.com/PaesslerAG/jsonpath v0.1.1 h1:c1/AToHQMVsduPAa4Vh6xp2U0evy4t8SWp8imEsylIk=
github.com/PaesslerAG/jsonpath v0.1.1/go.mod h1:lVboNxFGal/VwW6d9JzIy56bUsYAP6tH/x80vjnCseY=
github.com/kr/pretty v0.2.1 h1:Fmg33tUaq4/8ym9TJN1x7sLJnHVwhP33CNkpYV/7rwI=
github.com/kr/pretty v0.2.1/go.mod h1:ipq/a2n7PKx3OHsz4KJII5eveXtPO4qwEXGdVfWzfnI=
github.com/kr/pty v1.1.1/go.mod h1:pFQYn66WHrOpPYNljwOMqo10TkYh1fy3cYio2l3bCsQ=
github.com/kr/text v0.1.0 h1:45sCR5RtlFHMR4UwH9sdQ5TC8v0qDQCHnXt+kaKSTVE=
github.com/kr/text v0.1.0/go.mod h1:4Jbv+DJW3UT/LiOwJeYQe1efqtUx/iVham/4vfdArNI=
github.com/wsxiaoys/terminal v0.0.0-20160513160801-0940f3fc43a0 h1:3UeQBvD0TFrlVjOeLOBz+CPAI8dnbqNSVwUwRrkp7vQ=
github.com/wsxiaoys/terminal v0.0.0-20160513160801-0940f3fc43a0/go.mod h1:IXCdmsXIht47RaVFLEdVnh1t+pgYtTAhQGj73kz+2DM=
golang.org/x/net v0.0.0-20211209124913-491a49abca63 h1:iocB37TsdFuN6IBRZ+ry36wrkoV51/tl5vOWqkcPGvY=
golang.org/x/net v0.0.0-20211209124913-491a49abca63/go.mod h1:9nx3DQGgdP8bBQD5qxJ1jj9UTztislL4KSBs9R2vV5Y=
golang.org/x/sys v0.0.0-20201119102817-f84b799fce68/go.mod h1:h1NjWce9XRLGQEsW7wpKNCjG9DtNlClVuFLEZdDNbEs=
golang.org/x/sys v0.0.0-20210423082822-04245dca01da/go.mod h1:h1NjWce9XRLGQEsW7wpKNCjG9DtNlClVuFLEZdDNbEs=
golang.org/x/term v0.0.0-20201126162022-7de9c90e9dd1/go.mod h1:bj7SfCRtBDWHUb9snDiAeCFNEtKQo2Wmx5Cou7ajbmo=
golang.org/x/text v0.3.6/go.mod h1:5Zoc/QRtKVWzQhOtBMvqHzDpF6irO9z98xDceosuGiQ=
golang.org/x/tools v0.0.0-20180917221912-90fa682c2a6e/go.mod h1:n7NCudcB/nEzxVGmLbDWY5pfWTLqBcC2KZ6jyYvM4mQ=
gopkg.in/check.v1 v1.0.0-20201130134442-10cb98267c6c h1:Hei/4ADfdWqJk1ZMxUNpqntNwaWcugrBjAiHlqqRiVk=
gopkg.in/check.v1 v1.0.0-20201130134442-10cb98267c6c/go.mod h1:JHkPIbrfpd72SG/EVd6muEfDQjcINNoR0C8j2r3qZ4Q=
gopkg.in/xmlpath.v2 v2.0.0-20150820204837-860cbeca3ebc h1:LMEBgNcZUqXaP7evD1PZcL6EcDVa2QOFuI+cqM3+AJM=
gopkg.in/xmlpath.v2 v2.0.0-20150820204837-860cbeca3ebc/go.mod h1:N8UOSI6/c2yOpa/XDz3KVUiegocTziPiqNkeNTMiG1k=
